
Microsoft Visual Studio Solution File, Format Version 12.00
# Visual Studio Version 16
VisualStudioVersion = 16.0.31105.61
MinimumVisualStudioVersion = 10.0.40219.1
Project("{9A19103F-16F7-4668-BE54-9A1E7A4F7556}") = "Dictionary1", "ConsoleApp1\Dictionary1.csproj", "{DDB851E4-E23B-4687-BFAC-6F1F12617C48}"
EndProject
Global
	GlobalSection(SolutionConfigurationPlatforms) = preSolution
		Debug|Any CPU = Debug|Any CPU
		Release|Any CPU = Release|Any CPU
	EndGlobalSection
	GlobalSection(ProjectConfigurationPlatforms) = postSolution
		{DDB851E4-E23B-4687-BFAC-6F1F12617C48}.Debug|Any CPU.ActiveCfg = Debug|Any CPU
		{DDB851E4-E23B-4687-BFAC-6F1F12617C48}.Debug|Any CPU.Build.0 = Debug|Any CPU
		{DDB851E4-E23B-4687-BFAC-6F1F12617C48}.Release|Any CPU.ActiveCfg = Release|Any CPU
		{DDB851E4-E23B-4687-BFAC-6F1F12617C48}.Release|Any CPU.Build.0 = Release|Any CPU
	EndGlobalSection
	GlobalSection(SolutionProperties) = preSolution
		HideSolutionNode = FALSE
	EndGlobalSection
	GlobalSection(ExtensibilityGlobals) = postSolution
		SolutionGuid = {59C6069F-4458-44BE-87CE-B28F6E64772F}
	EndGlobalSection
EndGlobal
